{
  "name": "daojia",
  "version": "1.0.0",
  "lockfileVersion": 1,
  "requires": true,
  "dependencies": {
    "preloader.js": {
      "version": "1.1.3",
      "resolved": "https://registry.npmjs.org/preloader.js/-/preloader.js-1.1.3.tgz",
      "integrity": "sha512-qGkgCq/b6k2UFmPkCE8FSRaxykfyes6I71+i83u4+G+HbnH7lAas/uU+PSF/3oxRHsoRUev59l4CgXhGPZWZdw=="
    }
  }
}
